
Microsoft Visual Studio Solution File, Format Version 12.00
# Visual Studio Version 17
VisualStudioVersion = 17.0.32014.148
MinimumVisualStudioVersion = 10.0.40219.1
Project("{9A19103F-16F7-4668-BE54-9A1E7A4F7556}") = "SSSS", "SSSS\SSSS.csproj", "{AFF6D39A-2028-4C9E-B2DC-8B3CE8D1D7DF}"
EndProject
Project("{9A19103F-16F7-4668-BE54-9A1E7A4F7556}") = "SSHPW", "SSHPW\SSHPW.csproj", "{61B99D3C-2C20-4B5E-875D-E278F0B98EF4}"
EndProject
Project("{FAE04EC0-301F-11D3-BF4B-00C04F79EFBC}") = "SSHPW.Test", "SSHPW.Test\SSHPW.Test.csproj", "{B040A677-52CA-4C3D-A165-727974282637}"
EndProject
Global
	GlobalSection(SolutionConfigurationPlatforms) = preSolution
		Debug|Any CPU = Debug|Any CPU
		Release|Any CPU = Release|Any CPU
	EndGlobalSection
	GlobalSection(ProjectConfigurationPlatforms) = postSolution
		{AFF6D39A-2028-4C9E-B2DC-8B3CE8D1D7DF}.Debug|Any CPU.ActiveCfg = Debug|Any CPU
		{AFF6D39A-2028-4C9E-B2DC-8B3CE8D1D7DF}.Debug|Any CPU.Build.0 = Debug|Any CPU
		{AFF6D39A-2028-4C9E-B2DC-8B3CE8D1D7DF}.Release|Any CPU.ActiveCfg = Release|Any CPU
		{AFF6D39A-2028-4C9E-B2DC-8B3CE8D1D7DF}.Release|Any CPU.Build.0 = Release|Any CPU
		{61B99D3C-2C20-4B5E-875D-E278F0B98EF4}.Debug|Any CPU.ActiveCfg = Debug|Any CPU
		{61B99D3C-2C20-4B5E-875D-E278F0B98EF4}.Debug|Any CPU.Build.0 = Debug|Any CPU
		{61B99D3C-2C20-4B5E-875D-E278F0B98EF4}.Release|Any CPU.ActiveCfg = Release|Any CPU
		{61B99D3C-2C20-4B5E-875D-E278F0B98EF4}.Release|Any CPU.Build.0 = Release|Any CPU
		{B040A677-52CA-4C3D-A165-727974282637}.Debug|Any CPU.ActiveCfg = Debug|Any CPU
		{B040A677-52CA-4C3D-A165-727974282637}.Debug|Any CPU.Build.0 = Debug|Any CPU
		{B040A677-52CA-4C3D-A165-727974282637}.Release|Any CPU.ActiveCfg = Release|Any CPU
		{B040A677-52CA-4C3D-A165-727974282637}.Release|Any CPU.Build.0 = Release|Any CPU
	EndGlobalSection
	GlobalSection(SolutionProperties) = preSolution
		HideSolutionNode = FALSE
	EndGlobalSection
	GlobalSection(ExtensibilityGlobals) = postSolution
		SolutionGuid = {93A20287-5012-4C50-9C3A-FC5AC78FB408}
	EndGlobalSection
EndGlobal
